<Solution>
  <Folder Name="/certs/">
    <File Path="certs/server-p384.crt" />
    <File Path="certs/server-p384.key" />
    <File Path="certs/server.crt" />
    <File Path="certs/server.key" />
  </Folder>
  <Project Path="src-dotnet/SyncSslConsole/SyncSslConsole.csproj" />
  <Project Path="src-dotnet/SslStreamConsole/SslStreamConsole.csproj" />
</Solution>