<Solution>
  <Folder Name="/certs/">
    <File Path="certs/server-p384.crt" />
    <File Path="certs/server-p384.key" />
    <File Path="certs/server.crt" />
    <File Path="certs/server.key" />
  </Folder>
  <Project Path="src-dotnet/AsyncSslConsole/AsyncSslConsole.csproj" Id="27e4dc0b-70a3-4b5e-8e75-f7c3a56e4695" />
  <Project Path="src-dotnet/SslStreamConsole/SslStreamConsole.csproj" />
  <Project Path="src-dotnet/SyncSslConsole/SyncSslConsole.csproj" />
</Solution>