<Solution>
  <Folder Name="/certs/">
    <File Path="certs/server-p384.crt" />
    <File Path="certs/server-p384.key" />
    <File Path="certs/server.crt" />
    <File Path="certs/server.key" />
  </Folder>
  <Project Path="D:/code/TLS-experiments/src-dotnet/BioSslConsole/BioSslConsole.csproj" />
  <Project Path="D:/code/TLS-experiments/src-dotnet/SslStreamConsole/SslStreamConsole.csproj" />
  <Project Path="D:/code/TLS-experiments/src-dotnet/SyncSslConsole/SyncSslConsole.csproj" />
  <Project Path="src-dotnet/BioSslDedicatedThreadPool/BioSslDedicatedThreadPool.csproj" Id="288c8e7c-e241-4107-b1f2-838660ed2143" />
  <Project Path="src-dotnet/PureUnmanagedSockets/PureUnmanagedSockets.csproj" Id="4873ff49-a020-45ad-9852-5734979e93db" />
</Solution>