
Microsoft Visual Studio Solution File, Format Version 12.00
# Visual Studio Version 18
VisualStudioVersion = 18.0.10923.0
MinimumVisualStudioVersion = 10.0.40219.1
Project("{FAE04EC0-301F-11D3-BF4B-00C04F79EFBC}") = "DapperTest", "DapperTest\DapperTest.csproj", "{B03B9769-C515-4B8F-A113-702166FEBB6A}"
EndProject
Project("{FAE04EC0-301F-11D3-BF4B-00C04F79EFBC}") = "Benchmarks", "Benchmarks\Benchmarks.csproj", "{2311A35A-630F-8D56-15CD-BBB525570F8F}"
EndProject
Project("{FAE04EC0-301F-11D3-BF4B-00C04F79EFBC}") = "HttpSys", "HttpSys\HttpSys.csproj", "{21F9792E-5816-4072-8B6E-ED992BD16832}"
EndProject
Project("{FAE04EC0-301F-11D3-BF4B-00C04F79EFBC}") = "HttpClient", "HttpClient\HttpClient.csproj", "{E2E56541-F164-4F68-8500-8A29F7BEA9B6}"
EndProject
Project("{FAE04EC0-301F-11D3-BF4B-00C04F79EFBC}") = "Console", "Console\Console.csproj", "{880D7EC8-BA46-46D9-B9A2-006BD17DD004}"
EndProject
Project("{2150E333-8FDC-42A3-9474-1A3956D46DE8}") = "Aspire", "Aspire", "{64880D93-BAB4-FF83-898C-B934B68C31A9}"
EndProject
Project("{FAE04EC0-301F-11D3-BF4B-00C04F79EFBC}") = "AspireStarter.AppHost", "AspireStarter\AspireStarter.AppHost\AspireStarter.AppHost.csproj", "{21B52355-79E9-4933-BC22-82055975D6A1}"
EndProject
Project("{FAE04EC0-301F-11D3-BF4B-00C04F79EFBC}") = "AspireStarter.ServiceDefaults", "AspireStarter\AspireStarter.ServiceDefaults\AspireStarter.ServiceDefaults.csproj", "{9C1C65CC-1D7D-004C-4A39-637C5D7A6ECE}"
EndProject
Project("{FAE04EC0-301F-11D3-BF4B-00C04F79EFBC}") = "AspireStarter.ApiService", "AspireStarter\AspireStarter.ApiService\AspireStarter.ApiService.csproj", "{394CFDAF-B236-E024-973F-2A2A4ED1C10D}"
EndProject
Project("{FAE04EC0-301F-11D3-BF4B-00C04F79EFBC}") = "AspireStarter.Web", "AspireStarter\AspireStarter.Web\AspireStarter.Web.csproj", "{0AC6A796-3D9E-FB63-5F17-C9F9C69EB49F}"
EndProject
Project("{2150E333-8FDC-42A3-9474-1A3956D46DE8}") = "EF", "EF", "{3C7C16B0-E6BC-1716-E02B-83F09AF7C6CE}"
EndProject
Project("{FAE04EC0-301F-11D3-BF4B-00C04F79EFBC}") = "EF-App.AppHost", "AspireStarter\EF-App\EF-App.AppHost\EF-App.AppHost.csproj", "{C0E4B267-83DD-485F-A5AD-27F1063650E6}"
EndProject
Project("{FAE04EC0-301F-11D3-BF4B-00C04F79EFBC}") = "EF-App.ServiceDefaults", "AspireStarter\EF-App\EF-App.ServiceDefaults\EF-App.ServiceDefaults.csproj", "{50E87958-A1BF-B2C2-3A31-05EFE5F504D2}"
EndProject
Project("{FAE04EC0-301F-11D3-BF4B-00C04F79EFBC}") = "EF-App.ApiService", "AspireStarter\EF-App\EF-App.ApiService\EF-App.ApiService.csproj", "{607EFC47-496A-B4E4-FCB3-99ABFFA6858F}"
EndProject
Project("{FAE04EC0-301F-11D3-BF4B-00C04F79EFBC}") = "EF-App.Web", "AspireStarter\EF-App\EF-App.Web\EF-App.Web.csproj", "{A7BAD067-2FCD-C82E-3215-59C78A36CBB5}"
EndProject
Project("{2150E333-8FDC-42A3-9474-1A3956D46DE8}") = "Orleans", "Orleans", "{4C4763C4-4AD1-9FD9-AB51-D4BF03D521C0}"
EndProject
Project("{FAE04EC0-301F-11D3-BF4B-00C04F79EFBC}") = "MemoryOrleans", "Orleans\MemoryOrleans\MemoryOrleans.csproj", "{B7FE6C32-E7BE-4134-ADD1-0D6F197FB949}"
EndProject
Project("{FAE04EC0-301F-11D3-BF4B-00C04F79EFBC}") = "ConfigurationBindingRepro", "ConfigurationBindingRepro\ConfigurationBindingRepro.csproj", "{72C66CF5-C5E0-4EBF-8683-44F46B315EF5}"
EndProject
Project("{FAE04EC0-301F-11D3-BF4B-00C04F79EFBC}") = "BindingRepro", "BindingRepro\BindingRepro.csproj", "{32C8DE94-025B-F426-E0EB-19C992C3590F}"
EndProject
Project("{2150E333-8FDC-42A3-9474-1A3956D46DE8}") = "AspireDF", "AspireDF", "{86BA938A-AFE0-B953-B645-57A7ABE7EF66}"
EndProject
Project("{FAE04EC0-301F-11D3-BF4B-00C04F79EFBC}") = "AspireDF.AppHost", "AspireDF\AspireDF.AppHost\AspireDF.AppHost.csproj", "{E6E42AAE-87D6-4E04-8EE7-110BDB30C4B8}"
EndProject
Project("{FAE04EC0-301F-11D3-BF4B-00C04F79EFBC}") = "AspireDF.ServiceDefaults", "AspireDF\AspireDF.ServiceDefaults\AspireDF.ServiceDefaults.csproj", "{3D1569CE-A9C4-D67A-DD39-D59A36825CBD}"
EndProject
Project("{FAE04EC0-301F-11D3-BF4B-00C04F79EFBC}") = "AspireDF.ApiService", "AspireDF\AspireDF.ApiService\AspireDF.ApiService.csproj", "{FAB90561-20B3-0ABA-D887-B2A7450BD3AF}"
EndProject
Project("{FAE04EC0-301F-11D3-BF4B-00C04F79EFBC}") = "AspireDF.Web", "AspireDF\AspireDF.Web\AspireDF.Web.csproj", "{FDD91F89-A3B0-CE94-78AC-ADD8767CE3D6}"
EndProject
Project("{FAE04EC0-301F-11D3-BF4B-00C04F79EFBC}") = "CosmosDbAsyncNotSupportedRepro", "CosmosDbAsyncNotSupportedRepro\CosmosDbAsyncNotSupportedRepro.csproj", "{496D73D7-2122-4233-8E7E-074882D199AB}"
EndProject
Project("{2150E333-8FDC-42A3-9474-1A3956D46DE8}") = "IIS", "IIS", "{D255FAF2-DA1D-4EA7-AD87-B5225A2064F9}"
EndProject
Project("{FAE04EC0-301F-11D3-BF4B-00C04F79EFBC}") = "WebApi-ModuleV2", "IIS\WebApi-ModuleV2\WebApi-ModuleV2.csproj", "{A74A2865-831D-3C45-3D4B-510E5520B6A4}"
EndProject
Project("{2150E333-8FDC-42A3-9474-1A3956D46DE8}") = "AI", "AI", "{14CBAACA-2B65-4385-8BD3-E21DB3CBBCD3}"
EndProject
Project("{FAE04EC0-301F-11D3-BF4B-00C04F79EFBC}") = "AIPlayground", "AI\AIPlayground\AIPlayground.csproj", "{6E1BD62F-0D4D-4C51-A984-3DAD3E54DAC0}"
EndProject
Project("{FAE04EC0-301F-11D3-BF4B-00C04F79EFBC}") = "A2A-Integration-WebAPI", "AI\A2A-Integration-WebAPI\A2A-Integration-WebAPI.csproj", "{2D146005-5D8D-41B5-A71C-78604AD50D63}"
EndProject
Project("{FAE04EC0-301F-11D3-BF4B-00C04F79EFBC}") = "OpenAI-Integration-WebAPI", "AI\OpenAI-Integration-WebAPI\OpenAI-Integration-WebAPI.csproj", "{A67F19E6-BC06-4705-990A-186E3744569F}"
EndProject
Project("{FAE04EC0-301F-11D3-BF4B-00C04F79EFBC}") = "Console.Tests", "Console.Tests\Console.Tests.csproj", "{0FB0D6FC-9B88-4468-BCBB-B18A3F3B2A8B}"
EndProject
Project("{FAE04EC0-301F-11D3-BF4B-00C04F79EFBC}") = "AspNetCore", "AspNetCore\AspNetCore.csproj", "{5B9C810D-263D-4332-BB72-40C8E6ECC2EB}"
EndProject
Global
	GlobalSection(SolutionConfigurationPlatforms) = preSolution
		Debug|Any CPU = Debug|Any CPU
		Release|Any CPU = Release|Any CPU
	EndGlobalSection
	GlobalSection(ProjectConfigurationPlatforms) = postSolution
		{B03B9769-C515-4B8F-A113-702166FEBB6A}.Debug|Any CPU.ActiveCfg = Debug|Any CPU
		{B03B9769-C515-4B8F-A113-702166FEBB6A}.Debug|Any CPU.Build.0 = Debug|Any CPU
		{B03B9769-C515-4B8F-A113-702166FEBB6A}.Release|Any CPU.ActiveCfg = Release|Any CPU
		{B03B9769-C515-4B8F-A113-702166FEBB6A}.Release|Any CPU.Build.0 = Release|Any CPU
		{2311A35A-630F-8D56-15CD-BBB525570F8F}.Debug|Any CPU.ActiveCfg = Debug|Any CPU
		{2311A35A-630F-8D56-15CD-BBB525570F8F}.Debug|Any CPU.Build.0 = Debug|Any CPU
		{2311A35A-630F-8D56-15CD-BBB525570F8F}.Release|Any CPU.ActiveCfg = Release|Any CPU
		{2311A35A-630F-8D56-15CD-BBB525570F8F}.Release|Any CPU.Build.0 = Release|Any CPU
		{21F9792E-5816-4072-8B6E-ED992BD16832}.Debug|Any CPU.ActiveCfg = Debug|Any CPU
		{21F9792E-5816-4072-8B6E-ED992BD16832}.Debug|Any CPU.Build.0 = Debug|Any CPU
		{21F9792E-5816-4072-8B6E-ED992BD16832}.Release|Any CPU.ActiveCfg = Release|Any CPU
		{21F9792E-5816-4072-8B6E-ED992BD16832}.Release|Any CPU.Build.0 = Release|Any CPU
		{E2E56541-F164-4F68-8500-8A29F7BEA9B6}.Debug|Any CPU.ActiveCfg = Debug|Any CPU
		{E2E56541-F164-4F68-8500-8A29F7BEA9B6}.Debug|Any CPU.Build.0 = Debug|Any CPU
		{E2E56541-F164-4F68-8500-8A29F7BEA9B6}.Release|Any CPU.ActiveCfg = Release|Any CPU
		{E2E56541-F164-4F68-8500-8A29F7BEA9B6}.Release|Any CPU.Build.0 = Release|Any CPU
		{880D7EC8-BA46-46D9-B9A2-006BD17DD004}.Debug|Any CPU.ActiveCfg = Debug|Any CPU
		{880D7EC8-BA46-46D9-B9A2-006BD17DD004}.Debug|Any CPU.Build.0 = Debug|Any CPU
		{880D7EC8-BA46-46D9-B9A2-006BD17DD004}.Release|Any CPU.ActiveCfg = Release|Any CPU
		{880D7EC8-BA46-46D9-B9A2-006BD17DD004}.Release|Any CPU.Build.0 = Release|Any CPU
		{21B52355-79E9-4933-BC22-82055975D6A1}.Debug|Any CPU.ActiveCfg = Debug|Any CPU
		{21B52355-79E9-4933-BC22-82055975D6A1}.Debug|Any CPU.Build.0 = Debug|Any CPU
		{21B52355-79E9-4933-BC22-82055975D6A1}.Release|Any CPU.ActiveCfg = Release|Any CPU
		{21B52355-79E9-4933-BC22-82055975D6A1}.Release|Any CPU.Build.0 = Release|Any CPU
		{9C1C65CC-1D7D-004C-4A39-637C5D7A6ECE}.Debug|Any CPU.ActiveCfg = Debug|Any CPU
		{9C1C65CC-1D7D-004C-4A39-637C5D7A6ECE}.Debug|Any CPU.Build.0 = Debug|Any CPU
		{9C1C65CC-1D7D-004C-4A39-637C5D7A6ECE}.Release|Any CPU.ActiveCfg = Release|Any CPU
		{9C1C65CC-1D7D-004C-4A39-637C5D7A6ECE}.Release|Any CPU.Build.0 = Release|Any CPU
		{394CFDAF-B236-E024-973F-2A2A4ED1C10D}.Debug|Any CPU.ActiveCfg = Debug|Any CPU
		{394CFDAF-B236-E024-973F-2A2A4ED1C10D}.Debug|Any CPU.Build.0 = Debug|Any CPU
		{394CFDAF-B236-E024-973F-2A2A4ED1C10D}.Release|Any CPU.ActiveCfg = Release|Any CPU
		{394CFDAF-B236-E024-973F-2A2A4ED1C10D}.Release|Any CPU.Build.0 = Release|Any CPU
		{0AC6A796-3D9E-FB63-5F17-C9F9C69EB49F}.Debug|Any CPU.ActiveCfg = Debug|Any CPU
		{0AC6A796-3D9E-FB63-5F17-C9F9C69EB49F}.Debug|Any CPU.Build.0 = Debug|Any CPU
		{0AC6A796-3D9E-FB63-5F17-C9F9C69EB49F}.Release|Any CPU.ActiveCfg = Release|Any CPU
		{0AC6A796-3D9E-FB63-5F17-C9F9C69EB49F}.Release|Any CPU.Build.0 = Release|Any CPU
		{C0E4B267-83DD-485F-A5AD-27F1063650E6}.Debug|Any CPU.ActiveCfg = Debug|Any CPU
		{C0E4B267-83DD-485F-A5AD-27F1063650E6}.Debug|Any CPU.Build.0 = Debug|Any CPU
		{C0E4B267-83DD-485F-A5AD-27F1063650E6}.Release|Any CPU.ActiveCfg = Release|Any CPU
		{C0E4B267-83DD-485F-A5AD-27F1063650E6}.Release|Any CPU.Build.0 = Release|Any CPU
		{50E87958-A1BF-B2C2-3A31-05EFE5F504D2}.Debug|Any CPU.ActiveCfg = Debug|Any CPU
		{50E87958-A1BF-B2C2-3A31-05EFE5F504D2}.Debug|Any CPU.Build.0 = Debug|Any CPU
		{50E87958-A1BF-B2C2-3A31-05EFE5F504D2}.Release|Any CPU.ActiveCfg = Release|Any CPU
		{50E87958-A1BF-B2C2-3A31-05EFE5F504D2}.Release|Any CPU.Build.0 = Release|Any CPU
		{607EFC47-496A-B4E4-FCB3-99ABFFA6858F}.Debug|Any CPU.ActiveCfg = Debug|Any CPU
		{607EFC47-496A-B4E4-FCB3-99ABFFA6858F}.Debug|Any CPU.Build.0 = Debug|Any CPU
		{607EFC47-496A-B4E4-FCB3-99ABFFA6858F}.Release|Any CPU.ActiveCfg = Release|Any CPU
		{607EFC47-496A-B4E4-FCB3-99ABFFA6858F}.Release|Any CPU.Build.0 = Release|Any CPU
		{A7BAD067-2FCD-C82E-3215-59C78A36CBB5}.Debug|Any CPU.ActiveCfg = Debug|Any CPU
		{A7BAD067-2FCD-C82E-3215-59C78A36CBB5}.Debug|Any CPU.Build.0 = Debug|Any CPU
		{A7BAD067-2FCD-C82E-3215-59C78A36CBB5}.Release|Any CPU.ActiveCfg = Release|Any CPU
		{A7BAD067-2FCD-C82E-3215-59C78A36CBB5}.Release|Any CPU.Build.0 = Release|Any CPU
		{B7FE6C32-E7BE-4134-ADD1-0D6F197FB949}.Debug|Any CPU.ActiveCfg = Debug|Any CPU
		{B7FE6C32-E7BE-4134-ADD1-0D6F197FB949}.Debug|Any CPU.Build.0 = Debug|Any CPU
		{B7FE6C32-E7BE-4134-ADD1-0D6F197FB949}.Release|Any CPU.ActiveCfg = Release|Any CPU
		{B7FE6C32-E7BE-4134-ADD1-0D6F197FB949}.Release|Any CPU.Build.0 = Release|Any CPU
		{72C66CF5-C5E0-4EBF-8683-44F46B315EF5}.Debug|Any CPU.ActiveCfg = Debug|Any CPU
		{72C66CF5-C5E0-4EBF-8683-44F46B315EF5}.Debug|Any CPU.Build.0 = Debug|Any CPU
		{72C66CF5-C5E0-4EBF-8683-44F46B315EF5}.Release|Any CPU.ActiveCfg = Release|Any CPU
		{72C66CF5-C5E0-4EBF-8683-44F46B315EF5}.Release|Any CPU.Build.0 = Release|Any CPU
		{32C8DE94-025B-F426-E0EB-19C992C3590F}.Debug|Any CPU.ActiveCfg = Debug|Any CPU
		{32C8DE94-025B-F426-E0EB-19C992C3590F}.Debug|Any CPU.Build.0 = Debug|Any CPU
		{32C8DE94-025B-F426-E0EB-19C992C3590F}.Release|Any CPU.ActiveCfg = Release|Any CPU
		{32C8DE94-025B-F426-E0EB-19C992C3590F}.Release|Any CPU.Build.0 = Release|Any CPU
		{E6E42AAE-87D6-4E04-8EE7-110BDB30C4B8}.Debug|Any CPU.ActiveCfg = Debug|Any CPU
		{E6E42AAE-87D6-4E04-8EE7-110BDB30C4B8}.Debug|Any CPU.Build.0 = Debug|Any CPU
		{E6E42AAE-87D6-4E04-8EE7-110BDB30C4B8}.Release|Any CPU.ActiveCfg = Release|Any CPU
		{E6E42AAE-87D6-4E04-8EE7-110BDB30C4B8}.Release|Any CPU.Build.0 = Release|Any CPU
		{3D1569CE-A9C4-D67A-DD39-D59A36825CBD}.Debug|Any CPU.ActiveCfg = Debug|Any CPU
		{3D1569CE-A9C4-D67A-DD39-D59A36825CBD}.Debug|Any CPU.Build.0 = Debug|Any CPU
		{3D1569CE-A9C4-D67A-DD39-D59A36825CBD}.Release|Any CPU.ActiveCfg = Release|Any CPU
		{3D1569CE-A9C4-D67A-DD39-D59A36825CBD}.Release|Any CPU.Build.0 = Release|Any CPU
		{FAB90561-20B3-0ABA-D887-B2A7450BD3AF}.Debug|Any CPU.ActiveCfg = Debug|Any CPU
		{FAB90561-20B3-0ABA-D887-B2A7450BD3AF}.Debug|Any CPU.Build.0 = Debug|Any CPU
		{FAB90561-20B3-0ABA-D887-B2A7450BD3AF}.Release|Any CPU.ActiveCfg = Release|Any CPU
		{FAB90561-20B3-0ABA-D887-B2A7450BD3AF}.Release|Any CPU.Build.0 = Release|Any CPU
		{FDD91F89-A3B0-CE94-78AC-ADD8767CE3D6}.Debug|Any CPU.ActiveCfg = Debug|Any CPU
		{FDD91F89-A3B0-CE94-78AC-ADD8767CE3D6}.Debug|Any CPU.Build.0 = Debug|Any CPU
		{FDD91F89-A3B0-CE94-78AC-ADD8767CE3D6}.Release|Any CPU.ActiveCfg = Release|Any CPU
		{FDD91F89-A3B0-CE94-78AC-ADD8767CE3D6}.Release|Any CPU.Build.0 = Release|Any CPU
		{496D73D7-2122-4233-8E7E-074882D199AB}.Debug|Any CPU.ActiveCfg = Debug|Any CPU
		{496D73D7-2122-4233-8E7E-074882D199AB}.Debug|Any CPU.Build.0 = Debug|Any CPU
		{496D73D7-2122-4233-8E7E-074882D199AB}.Release|Any CPU.ActiveCfg = Release|Any CPU
		{496D73D7-2122-4233-8E7E-074882D199AB}.Release|Any CPU.Build.0 = Release|Any CPU
		{A74A2865-831D-3C45-3D4B-510E5520B6A4}.Debug|Any CPU.ActiveCfg = Debug|Any CPU
		{A74A2865-831D-3C45-3D4B-510E5520B6A4}.Debug|Any CPU.Build.0 = Debug|Any CPU
		{A74A2865-831D-3C45-3D4B-510E5520B6A4}.Release|Any CPU.ActiveCfg = Release|Any CPU
		{A74A2865-831D-3C45-3D4B-510E5520B6A4}.Release|Any CPU.Build.0 = Release|Any CPU
		{6E1BD62F-0D4D-4C51-A984-3DAD3E54DAC0}.Debug|Any CPU.ActiveCfg = Debug|Any CPU
		{6E1BD62F-0D4D-4C51-A984-3DAD3E54DAC0}.Debug|Any CPU.Build.0 = Debug|Any CPU
		{6E1BD62F-0D4D-4C51-A984-3DAD3E54DAC0}.Release|Any CPU.ActiveCfg = Release|Any CPU
		{6E1BD62F-0D4D-4C51-A984-3DAD3E54DAC0}.Release|Any CPU.Build.0 = Release|Any CPU
		{2D146005-5D8D-41B5-A71C-78604AD50D63}.Debug|Any CPU.ActiveCfg = Debug|Any CPU
		{2D146005-5D8D-41B5-A71C-78604AD50D63}.Debug|Any CPU.Build.0 = Debug|Any CPU
		{2D146005-5D8D-41B5-A71C-78604AD50D63}.Release|Any CPU.ActiveCfg = Release|Any CPU
		{2D146005-5D8D-41B5-A71C-78604AD50D63}.Release|Any CPU.Build.0 = Release|Any CPU
		{A67F19E6-BC06-4705-990A-186E3744569F}.Debug|Any CPU.ActiveCfg = Debug|Any CPU
		{A67F19E6-BC06-4705-990A-186E3744569F}.Debug|Any CPU.Build.0 = Debug|Any CPU
		{A67F19E6-BC06-4705-990A-186E3744569F}.Release|Any CPU.ActiveCfg = Release|Any CPU
		{A67F19E6-BC06-4705-990A-186E3744569F}.Release|Any CPU.Build.0 = Release|Any CPU
		{0FB0D6FC-9B88-4468-BCBB-B18A3F3B2A8B}.Debug|Any CPU.ActiveCfg = Debug|Any CPU
		{0FB0D6FC-9B88-4468-BCBB-B18A3F3B2A8B}.Debug|Any CPU.Build.0 = Debug|Any CPU
		{0FB0D6FC-9B88-4468-BCBB-B18A3F3B2A8B}.Release|Any CPU.ActiveCfg = Release|Any CPU
		{0FB0D6FC-9B88-4468-BCBB-B18A3F3B2A8B}.Release|Any CPU.Build.0 = Release|Any CPU
		{5B9C810D-263D-4332-BB72-40C8E6ECC2EB}.Debug|Any CPU.ActiveCfg = Debug|Any CPU
		{5B9C810D-263D-4332-BB72-40C8E6ECC2EB}.Debug|Any CPU.Build.0 = Debug|Any CPU
		{5B9C810D-263D-4332-BB72-40C8E6ECC2EB}.Release|Any CPU.ActiveCfg = Release|Any CPU
		{5B9C810D-263D-4332-BB72-40C8E6ECC2EB}.Release|Any CPU.Build.0 = Release|Any CPU
	EndGlobalSection
	GlobalSection(SolutionProperties) = preSolution
		HideSolutionNode = FALSE
	EndGlobalSection
	GlobalSection(NestedProjects) = preSolution
		{21B52355-79E9-4933-BC22-82055975D6A1} = {64880D93-BAB4-FF83-898C-B934B68C31A9}
		{9C1C65CC-1D7D-004C-4A39-637C5D7A6ECE} = {64880D93-BAB4-FF83-898C-B934B68C31A9}
		{394CFDAF-B236-E024-973F-2A2A4ED1C10D} = {64880D93-BAB4-FF83-898C-B934B68C31A9}
		{0AC6A796-3D9E-FB63-5F17-C9F9C69EB49F} = {64880D93-BAB4-FF83-898C-B934B68C31A9}
		{C0E4B267-83DD-485F-A5AD-27F1063650E6} = {3C7C16B0-E6BC-1716-E02B-83F09AF7C6CE}
		{50E87958-A1BF-B2C2-3A31-05EFE5F504D2} = {3C7C16B0-E6BC-1716-E02B-83F09AF7C6CE}
		{607EFC47-496A-B4E4-FCB3-99ABFFA6858F} = {3C7C16B0-E6BC-1716-E02B-83F09AF7C6CE}
		{A7BAD067-2FCD-C82E-3215-59C78A36CBB5} = {3C7C16B0-E6BC-1716-E02B-83F09AF7C6CE}
		{B7FE6C32-E7BE-4134-ADD1-0D6F197FB949} = {4C4763C4-4AD1-9FD9-AB51-D4BF03D521C0}
		{E6E42AAE-87D6-4E04-8EE7-110BDB30C4B8} = {86BA938A-AFE0-B953-B645-57A7ABE7EF66}
		{3D1569CE-A9C4-D67A-DD39-D59A36825CBD} = {86BA938A-AFE0-B953-B645-57A7ABE7EF66}
		{FAB90561-20B3-0ABA-D887-B2A7450BD3AF} = {86BA938A-AFE0-B953-B645-57A7ABE7EF66}
		{FDD91F89-A3B0-CE94-78AC-ADD8767CE3D6} = {86BA938A-AFE0-B953-B645-57A7ABE7EF66}
		{A74A2865-831D-3C45-3D4B-510E5520B6A4} = {D255FAF2-DA1D-4EA7-AD87-B5225A2064F9}
		{6E1BD62F-0D4D-4C51-A984-3DAD3E54DAC0} = {14CBAACA-2B65-4385-8BD3-E21DB3CBBCD3}
		{2D146005-5D8D-41B5-A71C-78604AD50D63} = {14CBAACA-2B65-4385-8BD3-E21DB3CBBCD3}
		{A67F19E6-BC06-4705-990A-186E3744569F} = {14CBAACA-2B65-4385-8BD3-E21DB3CBBCD3}
	EndGlobalSection
	GlobalSection(ExtensibilityGlobals) = postSolution
		SolutionGuid = {3F01E99C-F946-49AD-BA8F-3DE0ECC58BBE}
	EndGlobalSection
EndGlobal
